
Microsoft Visual Studio Solution File, Format Version 12.00
Project("{FAE04EC0-301F-11D3-BF4B-00C04F79EFBC}") = "K1.VectorDB.Engine", "K1.VectorDB.Engine\K1.VectorDB.Engine.csproj", "{15B3A6D1-34B2-451F-AD20-CE2B2F3529F6}"
EndProject
Project("{FAE04EC0-301F-11D3-BF4B-00C04F79EFBC}") = "K1.VectorDB.Engine.Tests", "K1.VectorDB.Engine.Tests\K1.VectorDB.Engine.Tests.csproj", "{DD110391-7DE3-490F-BBF7-BC0EC86FA2A7}"
EndProject
Project("{FAE04EC0-301F-11D3-BF4B-00C04F79EFBC}") = "K1.VectorDB.Debug.CLI", "K1.VectorDB.Debug.CLI\K1.VectorDB.Debug.CLI.csproj", "{FB828728-80A7-4F20-AEEE-E04CF35738C7}"
EndProject
Project("{2150E333-8FDC-42A3-9474-1A3956D46DE8}") = "Debug", "Debug", "{DE635D88-4F94-431A-A4BE-A0ED41CFCFF8}"
EndProject
Project("{FAE04EC0-301F-11D3-BF4B-00C04F79EFBC}") = "K1.VectorDB.Graph", "K1.VectorDB.Graph\K1.VectorDB.Graph.csproj", "{298418AC-F207-4691-9B83-E765CEFC5A57}"
EndProject
Project("{FAE04EC0-301F-11D3-BF4B-00C04F79EFBC}") = "K1.VectorDB.Graph.Tests", "K1.VectorDB.Graph.Tests\K1.VectorDB.Graph.Tests.csproj", "{A4FA22B1-6317-4BBD-98B6-2970BA1F9E45}"
EndProject
Global
	GlobalSection(SolutionConfigurationPlatforms) = preSolution
		Debug|Any CPU = Debug|Any CPU
		Debug|x64 = Debug|x64
		Debug|x86 = Debug|x86
		Release|Any CPU = Release|Any CPU
		Release|x64 = Release|x64
		Release|x86 = Release|x86
	EndGlobalSection
	GlobalSection(ProjectConfigurationPlatforms) = postSolution
		{15B3A6D1-34B2-451F-AD20-CE2B2F3529F6}.Debug|Any CPU.ActiveCfg = Debug|Any CPU
		{15B3A6D1-34B2-451F-AD20-CE2B2F3529F6}.Debug|Any CPU.Build.0 = Debug|Any CPU
		{15B3A6D1-34B2-451F-AD20-CE2B2F3529F6}.Debug|x64.ActiveCfg = Debug|Any CPU
		{15B3A6D1-34B2-451F-AD20-CE2B2F3529F6}.Debug|x64.Build.0 = Debug|Any CPU
		{15B3A6D1-34B2-451F-AD20-CE2B2F3529F6}.Debug|x86.ActiveCfg = Debug|Any CPU
		{15B3A6D1-34B2-451F-AD20-CE2B2F3529F6}.Debug|x86.Build.0 = Debug|Any CPU
		{15B3A6D1-34B2-451F-AD20-CE2B2F3529F6}.Release|Any CPU.ActiveCfg = Release|Any CPU
		{15B3A6D1-34B2-451F-AD20-CE2B2F3529F6}.Release|Any CPU.Build.0 = Release|Any CPU
		{15B3A6D1-34B2-451F-AD20-CE2B2F3529F6}.Release|x64.ActiveCfg = Release|Any CPU
		{15B3A6D1-34B2-451F-AD20-CE2B2F3529F6}.Release|x64.Build.0 = Release|Any CPU
		{15B3A6D1-34B2-451F-AD20-CE2B2F3529F6}.Release|x86.ActiveCfg = Release|Any CPU
		{15B3A6D1-34B2-451F-AD20-CE2B2F3529F6}.Release|x86.Build.0 = Release|Any CPU
		{DD110391-7DE3-490F-BBF7-BC0EC86FA2A7}.Debug|Any CPU.ActiveCfg = Debug|Any CPU
		{DD110391-7DE3-490F-BBF7-BC0EC86FA2A7}.Debug|Any CPU.Build.0 = Debug|Any CPU
		{DD110391-7DE3-490F-BBF7-BC0EC86FA2A7}.Debug|x64.ActiveCfg = Debug|Any CPU
		{DD110391-7DE3-490F-BBF7-BC0EC86FA2A7}.Debug|x64.Build.0 = Debug|Any CPU
		{DD110391-7DE3-490F-BBF7-BC0EC86FA2A7}.Debug|x86.ActiveCfg = Debug|Any CPU
		{DD110391-7DE3-490F-BBF7-BC0EC86FA2A7}.Debug|x86.Build.0 = Debug|Any CPU
		{DD110391-7DE3-490F-BBF7-BC0EC86FA2A7}.Release|Any CPU.ActiveCfg = Release|Any CPU
		{DD110391-7DE3-490F-BBF7-BC0EC86FA2A7}.Release|Any CPU.Build.0 = Release|Any CPU
		{DD110391-7DE3-490F-BBF7-BC0EC86FA2A7}.Release|x64.ActiveCfg = Release|Any CPU
		{DD110391-7DE3-490F-BBF7-BC0EC86FA2A7}.Release|x64.Build.0 = Release|Any CPU
		{DD110391-7DE3-490F-BBF7-BC0EC86FA2A7}.Release|x86.ActiveCfg = Release|Any CPU
		{DD110391-7DE3-490F-BBF7-BC0EC86FA2A7}.Release|x86.Build.0 = Release|Any CPU
		{FB828728-80A7-4F20-AEEE-E04CF35738C7}.Debug|Any CPU.ActiveCfg = Debug|Any CPU
		{FB828728-80A7-4F20-AEEE-E04CF35738C7}.Debug|Any CPU.Build.0 = Debug|Any CPU
		{FB828728-80A7-4F20-AEEE-E04CF35738C7}.Debug|x64.ActiveCfg = Debug|Any CPU
		{FB828728-80A7-4F20-AEEE-E04CF35738C7}.Debug|x64.Build.0 = Debug|Any CPU
		{FB828728-80A7-4F20-AEEE-E04CF35738C7}.Debug|x86.ActiveCfg = Debug|Any CPU
		{FB828728-80A7-4F20-AEEE-E04CF35738C7}.Debug|x86.Build.0 = Debug|Any CPU
		{FB828728-80A7-4F20-AEEE-E04CF35738C7}.Release|Any CPU.ActiveCfg = Release|Any CPU
		{FB828728-80A7-4F20-AEEE-E04CF35738C7}.Release|Any CPU.Build.0 = Release|Any CPU
		{FB828728-80A7-4F20-AEEE-E04CF35738C7}.Release|x64.ActiveCfg = Release|Any CPU
		{FB828728-80A7-4F20-AEEE-E04CF35738C7}.Release|x64.Build.0 = Release|Any CPU
		{FB828728-80A7-4F20-AEEE-E04CF35738C7}.Release|x86.ActiveCfg = Release|Any CPU
		{FB828728-80A7-4F20-AEEE-E04CF35738C7}.Release|x86.Build.0 = Release|Any CPU
		{298418AC-F207-4691-9B83-E765CEFC5A57}.Debug|Any CPU.ActiveCfg = Debug|Any CPU
		{298418AC-F207-4691-9B83-E765CEFC5A57}.Debug|Any CPU.Build.0 = Debug|Any CPU
		{298418AC-F207-4691-9B83-E765CEFC5A57}.Debug|x64.ActiveCfg = Debug|Any CPU
		{298418AC-F207-4691-9B83-E765CEFC5A57}.Debug|x64.Build.0 = Debug|Any CPU
		{298418AC-F207-4691-9B83-E765CEFC5A57}.Debug|x86.ActiveCfg = Debug|Any CPU
		{298418AC-F207-4691-9B83-E765CEFC5A57}.Debug|x86.Build.0 = Debug|Any CPU
		{298418AC-F207-4691-9B83-E765CEFC5A57}.Release|Any CPU.ActiveCfg = Release|Any CPU
		{298418AC-F207-4691-9B83-E765CEFC5A57}.Release|Any CPU.Build.0 = Release|Any CPU
		{298418AC-F207-4691-9B83-E765CEFC5A57}.Release|x64.ActiveCfg = Release|Any CPU
		{298418AC-F207-4691-9B83-E765CEFC5A57}.Release|x64.Build.0 = Release|Any CPU
		{298418AC-F207-4691-9B83-E765CEFC5A57}.Release|x86.ActiveCfg = Release|Any CPU
		{298418AC-F207-4691-9B83-E765CEFC5A57}.Release|x86.Build.0 = Release|Any CPU
		{A4FA22B1-6317-4BBD-98B6-2970BA1F9E45}.Debug|Any CPU.ActiveCfg = Debug|Any CPU
		{A4FA22B1-6317-4BBD-98B6-2970BA1F9E45}.Debug|Any CPU.Build.0 = Debug|Any CPU
		{A4FA22B1-6317-4BBD-98B6-2970BA1F9E45}.Debug|x64.ActiveCfg = Debug|Any CPU
		{A4FA22B1-6317-4BBD-98B6-2970BA1F9E45}.Debug|x64.Build.0 = Debug|Any CPU
		{A4FA22B1-6317-4BBD-98B6-2970BA1F9E45}.Debug|x86.ActiveCfg = Debug|Any CPU
		{A4FA22B1-6317-4BBD-98B6-2970BA1F9E45}.Debug|x86.Build.0 = Debug|Any CPU
		{A4FA22B1-6317-4BBD-98B6-2970BA1F9E45}.Release|Any CPU.ActiveCfg = Release|Any CPU
		{A4FA22B1-6317-4BBD-98B6-2970BA1F9E45}.Release|Any CPU.Build.0 = Release|Any CPU
		{A4FA22B1-6317-4BBD-98B6-2970BA1F9E45}.Release|x64.ActiveCfg = Release|Any CPU
		{A4FA22B1-6317-4BBD-98B6-2970BA1F9E45}.Release|x64.Build.0 = Release|Any CPU
		{A4FA22B1-6317-4BBD-98B6-2970BA1F9E45}.Release|x86.ActiveCfg = Release|Any CPU
		{A4FA22B1-6317-4BBD-98B6-2970BA1F9E45}.Release|x86.Build.0 = Release|Any CPU
	EndGlobalSection
	GlobalSection(SolutionProperties) = preSolution
		HideSolutionNode = FALSE
	EndGlobalSection
	GlobalSection(NestedProjects) = preSolution
		{FB828728-80A7-4F20-AEEE-E04CF35738C7} = {DE635D88-4F94-431A-A4BE-A0ED41CFCFF8}
	EndGlobalSection
EndGlobal
